
Microsoft Visual Studio Solution File, Format Version 12.00
# Visual Studio Version 17
VisualStudioVersion = 17.2.32630.192
MinimumVisualStudioVersion = 10.0.40219.1
Project("{9A19103F-16F7-4668-BE54-9A1E7A4F7556}") = "Tournaments", "Tournaments\Tournaments.csproj", "{299A691E-9A4F-4635-A682-310BCD492ACE}"
EndProject
Global
	GlobalSection(SolutionConfigurationPlatforms) = preSolution
		Debug|Any CPU = Debug|Any CPU
		Release|Any CPU = Release|Any CPU
	EndGlobalSection
	GlobalSection(ProjectConfigurationPlatforms) = postSolution
		{299A691E-9A4F-4635-A682-310BCD492ACE}.Debug|Any CPU.ActiveCfg = Debug|Any CPU
		{299A691E-9A4F-4635-A682-310BCD492ACE}.Debug|Any CPU.Build.0 = Debug|Any CPU
		{299A691E-9A4F-4635-A682-310BCD492ACE}.Release|Any CPU.ActiveCfg = Release|Any CPU
		{299A691E-9A4F-4635-A682-310BCD492ACE}.Release|Any CPU.Build.0 = Release|Any CPU
	EndGlobalSection
	GlobalSection(SolutionProperties) = preSolution
		HideSolutionNode = FALSE
	EndGlobalSection
	GlobalSection(ExtensibilityGlobals) = postSolution
		SolutionGuid = {7FEDB857-A07A-48FA-8455-FEA185723F33}
	EndGlobalSection
EndGlobal
